{
  "originHash" : "6d002d9e5aa60fa7ad201bdb0f8ffcc56e6fa76473064fc61b9d276660d8fed6",
  "pins" : [
    {
      "identity" : "google-cast-sdk",
      "kind" : "remoteSourceControl",
      "location" : "https://github.com/SRGSSR/google-cast-sdk.git",
      "state" : {
        "revision" : "516f7111116bc412230309636842d3bbf77efdd8",
        "version" : "4.8.4"
      }
    }
  ],
  "version" : 3
}
